// !$*UTF8*$!
{
	archiveVersion = 1;
	classes = {
	};
	objectVersion = 46;
	objects = {

/* Begin PBXBuildFile section */
		ED5F73071FCD46C3004E945D /* platform.hpp in Headers */ = {isa = PBXBuildFile; fileRef = ED5F73001FCD46C3004E945D /* platform.hpp */; };
		ED5F73081FCD46C3004E945D /* xxprofile.cpp in Sources */ = {isa = PBXBuildFile; fileRef = ED5F73011FCD46C3004E945D /* xxprofile.cpp */; };
		ED5F73091FCD46C3004E945D /* xxprofile.hpp in Headers */ = {isa = PBXBuildFile; fileRef = ED5F73021FCD46C3004E945D /* xxprofile.hpp */; };
		ED5F730A1FCD46C3004E945D /* platform_apple.cpp in Sources */ = {isa = PBXBuildFile; fileRef = ED5F73031FCD46C3004E945D /* platform_apple.cpp */; };
		ED5F730C1FCD46C3004E945D /* platform_base.cpp in Sources */ = {isa = PBXBuildFile; fileRef = ED5F73051FCD46C3004E945D /* platform_base.cpp */; };
		ED5F730D1FCD46C3004E945D /* platform_base.hpp in Headers */ = {isa = PBXBuildFile; fileRef = ED5F73061FCD46C3004E945D /* platform_base.hpp */; };
		ED5F73101FCD49F1004E945D /* xxprofile_name.cpp in Sources */ = {isa = PBXBuildFile; fileRef = ED5F730E1FCD49F1004E945D /* xxprofile_name.cpp */; };
		ED5F73111FCD49F1004E945D /* xxprofile_name.hpp in Headers */ = {isa = PBXBuildFile; fileRef = ED5F730F1FCD49F1004E945D /* xxprofile_name.hpp */; };
		ED642F161FCE506C0067CEA4 /* platform_apple.hpp in Headers */ = {isa = PBXBuildFile; fileRef = ED642F151FCE506C0067CEA4 /* platform_apple.hpp */; };
		ED81D19D20D3584B0096FB53 /* xxprofile_macros.hpp in Headers */ = {isa = PBXBuildFile; fileRef = ED81D19C20D3584B0096FB53 /* xxprofile_macros.hpp */; };
		ED81D1A120D374B40096FB53 /* xxprofile_archive.cpp in Sources */ = {isa = PBXBuildFile; fileRef = ED81D19F20D374B40096FB53 /* xxprofile_archive.cpp */; };
		ED81D1A220D374B40096FB53 /* xxprofile_archive.hpp in Headers */ = {isa = PBXBuildFile; fileRef = ED81D1A020D374B40096FB53 /* xxprofile_archive.hpp */; };
		ED81D1AA20D37C2C0096FB53 /* main.cpp in Sources */ = {isa = PBXBuildFile; fileRef = ED81D1A920D37C2C0096FB53 /* main.cpp */; };
		ED81D1B120D3AC6C0096FB53 /* tls_pthread.h in Headers */ = {isa = PBXBuildFile; fileRef = ED81D1B020D3AC6C0096FB53 /* tls_pthread.h */; };
		ED81D1B220D3B1610096FB53 /* libxxprofile_mac.a in Frameworks */ = {isa = PBXBuildFile; fileRef = ED84F6B81FB1CF9B00C7B425 /* libxxprofile_mac.a */; };
		ED97396220D8F5B10067B5D9 /* platform_apple.cpp in Sources */ = {isa = PBXBuildFile; fileRef = ED5F73031FCD46C3004E945D /* platform_apple.cpp */; };
		ED97396320D8F5B10067B5D9 /* platform_base.cpp in Sources */ = {isa = PBXBuildFile; fileRef = ED5F73051FCD46C3004E945D /* platform_base.cpp */; };
		ED97396420D8F5B10067B5D9 /* xxprofile_archive.cpp in Sources */ = {isa = PBXBuildFile; fileRef = ED81D19F20D374B40096FB53 /* xxprofile_archive.cpp */; };
		ED97396520D8F5B10067B5D9 /* xxprofile_name.cpp in Sources */ = {isa = PBXBuildFile; fileRef = ED5F730E1FCD49F1004E945D /* xxprofile_name.cpp */; };
		ED97396620D8F5B10067B5D9 /* xxprofile.cpp in Sources */ = {isa = PBXBuildFile; fileRef = ED5F73011FCD46C3004E945D /* xxprofile.cpp */; };
/* End PBXBuildFile section */

/* Begin PBXContainerItemProxy section */
		ED81D1AE20D392100096FB53 /* PBXContainerItemProxy */ = {
			isa = PBXContainerItemProxy;
			containerPortal = ED84F6B01FB1CF9B00C7B425 /* Project object */;
			proxyType = 1;
			remoteGlobalIDString = ED84F6B71FB1CF9B00C7B425;
			remoteInfo = xxprofile_mac;
		};
/* End PBXContainerItemProxy section */

/* Begin PBXCopyFilesBuildPhase section */
		ED81D1A520D37C2C0096FB53 /* CopyFiles */ = {
			isa = PBXCopyFilesBuildPhase;
			buildActionMask = 2147483647;
			dstPath = /usr/share/man/man1/;
			dstSubfolderSpec = 0;
			files = (
			);
			runOnlyForDeploymentPostprocessing = 1;
		};
		ED84F6C11FB1CFC900C7B425 /* CopyFiles */ = {
			isa = PBXCopyFilesBuildPhase;
			buildActionMask = 2147483647;
			dstPath = "include/$(PRODUCT_NAME)";
			dstSubfolderSpec = 16;
			files = (
			);
			runOnlyForDeploymentPostprocessing = 0;
		};
/* End PBXCopyFilesBuildPhase section */

/* Begin PBXFileReference section */
		ED5F73001FCD46C3004E945D /* platform.hpp */ = {isa = PBXFileReference; fileEncoding = 4; lastKnownFileType = sourcecode.cpp.h; path = platform.hpp; sourceTree = "<group>"; };
		ED5F73011FCD46C3004E945D /* xxprofile.cpp */ = {isa = PBXFileReference; fileEncoding = 4; lastKnownFileType = sourcecode.cpp.cpp; path = xxprofile.cpp; sourceTree = "<group>"; };
		ED5F73021FCD46C3004E945D /* xxprofile.hpp */ = {isa = PBXFileReference; fileEncoding = 4; lastKnownFileType = sourcecode.cpp.h; path = xxprofile.hpp; sourceTree = "<group>"; };
		ED5F73031FCD46C3004E945D /* platform_apple.cpp */ = {isa = PBXFileReference; fileEncoding = 4; lastKnownFileType = sourcecode.cpp.cpp; path = platform_apple.cpp; sourceTree = "<group>"; };
		ED5F73051FCD46C3004E945D /* platform_base.cpp */ = {isa = PBXFileReference; fileEncoding = 4; lastKnownFileType = sourcecode.cpp.cpp; path = platform_base.cpp; sourceTree = "<group>"; };
		ED5F73061FCD46C3004E945D /* platform_base.hpp */ = {isa = PBXFileReference; fileEncoding = 4; lastKnownFileType = sourcecode.cpp.h; path = platform_base.hpp; sourceTree = "<group>"; };
		ED5F730E1FCD49F1004E945D /* xxprofile_name.cpp */ = {isa = PBXFileReference; fileEncoding = 4; lastKnownFileType = sourcecode.cpp.cpp; path = xxprofile_name.cpp; sourceTree = "<group>"; };
		ED5F730F1FCD49F1004E945D /* xxprofile_name.hpp */ = {isa = PBXFileReference; fileEncoding = 4; lastKnownFileType = sourcecode.cpp.h; path = xxprofile_name.hpp; sourceTree = "<group>"; };
		ED642F151FCE506C0067CEA4 /* platform_apple.hpp */ = {isa = PBXFileReference; fileEncoding = 4; lastKnownFileType = sourcecode.cpp.h; path = platform_apple.hpp; sourceTree = "<group>"; };
		ED642F181FCE8E3D0067CEA4 /* CommonMacros.h */ = {isa = PBXFileReference; lastKnownFileType = sourcecode.c.h; path = CommonMacros.h; sourceTree = "<group>"; };
		ED642F191FCE8E3D0067CEA4 /* SimpleArray.h */ = {isa = PBXFileReference; lastKnownFileType = sourcecode.c.h; path = SimpleArray.h; sourceTree = "<group>"; };
		ED642F1A1FCE8E3D0067CEA4 /* SimpleConfig.h */ = {isa = PBXFileReference; lastKnownFileType = sourcecode.c.h; path = SimpleConfig.h; sourceTree = "<group>"; };
		ED642F1C1FCE948E0067CEA4 /* SystemLock_pthread.h */ = {isa = PBXFileReference; lastKnownFileType = sourcecode.c.h; path = SystemLock_pthread.h; sourceTree = "<group>"; };
		ED714AF120DA5D3600732372 /* xxprofile_internal.hpp */ = {isa = PBXFileReference; lastKnownFileType = sourcecode.cpp.h; path = xxprofile_internal.hpp; sourceTree = "<group>"; };
		ED81D19C20D3584B0096FB53 /* xxprofile_macros.hpp */ = {isa = PBXFileReference; fileEncoding = 4; lastKnownFileType = sourcecode.cpp.h; path = xxprofile_macros.hpp; sourceTree = "<group>"; };
		ED81D19F20D374B40096FB53 /* xxprofile_archive.cpp */ = {isa = PBXFileReference; fileEncoding = 4; lastKnownFileType = sourcecode.cpp.cpp; path = xxprofile_archive.cpp; sourceTree = "<group>"; };
		ED81D1A020D374B40096FB53 /* xxprofile_archive.hpp */ = {isa = PBXFileReference; fileEncoding = 4; lastKnownFileType = sourcecode.cpp.h; path = xxprofile_archive.hpp; sourceTree = "<group>"; };
		ED81D1A720D37C2C0096FB53 /* test */ = {isa = PBXFileReference; explicitFileType = "compiled.mach-o.executable"; includeInIndex = 0; path = test; sourceTree = BUILT_PRODUCTS_DIR; };
		ED81D1A920D37C2C0096FB53 /* main.cpp */ = {isa = PBXFileReference; lastKnownFileType = sourcecode.cpp.cpp; path = main.cpp; sourceTree = "<group>"; };
		ED81D1B020D3AC6C0096FB53 /* tls_pthread.h */ = {isa = PBXFileReference; fileEncoding = 4; lastKnownFileType = sourcecode.c.h; path = tls_pthread.h; sourceTree = "<group>"; };
		ED84F6B81FB1CF9B00C7B425 /* libxxprofile_mac.a */ = {isa = PBXFileReference; explicitFileType = archive.ar; includeInIndex = 0; path = libxxprofile_mac.a; sourceTree = BUILT_PRODUCTS_DIR; };
		ED84F6C31FB1CFC900C7B425 /* libxxprofile_ios.a */ = {isa = PBXFileReference; explicitFileType = archive.ar; includeInIndex = 0; path = libxxprofile_ios.a; sourceTree = BUILT_PRODUCTS_DIR; };
/* End PBXFileReference section */

/* Begin PBXFrameworksBuildPhase section */
		ED81D1A420D37C2C0096FB53 /* Frameworks */ = {
			isa = PBXFrameworksBuildPhase;
			buildActionMask = 2147483647;
			files = (
				ED81D1B220D3B1610096FB53 /* libxxprofile_mac.a in Frameworks */,
			);
			runOnlyForDeploymentPostprocessing = 0;
		};
		ED84F6B51FB1CF9B00C7B425 /* Frameworks */ = {
			isa = PBXFrameworksBuildPhase;
			buildActionMask = 2147483647;
			files = (
			);
			runOnlyForDeploymentPostprocessing = 0;
		};
		ED84F6C01FB1CFC900C7B425 /* Frameworks */ = {
			isa = PBXFrameworksBuildPhase;
			buildActionMask = 2147483647;
			files = (
			);
			runOnlyForDeploymentPostprocessing = 0;
		};
/* End PBXFrameworksBuildPhase section */

/* Begin PBXGroup section */
		ED5F72FE1FCD46C3004E945D /* src */ = {
			isa = PBXGroup;
			children = (
				ED642F171FCE8E3D0067CEA4 /* helper */,
				ED5F72FF1FCD46C3004E945D /* platforms */,
				ED81D19F20D374B40096FB53 /* xxprofile_archive.cpp */,
				ED81D1A020D374B40096FB53 /* xxprofile_archive.hpp */,
				ED714AF120DA5D3600732372 /* xxprofile_internal.hpp */,
				ED81D19C20D3584B0096FB53 /* xxprofile_macros.hpp */,
				ED5F730E1FCD49F1004E945D /* xxprofile_name.cpp */,
				ED5F730F1FCD49F1004E945D /* xxprofile_name.hpp */,
				ED5F73011FCD46C3004E945D /* xxprofile.cpp */,
				ED5F73021FCD46C3004E945D /* xxprofile.hpp */,
			);
			name = src;
			path = ../src;
			sourceTree = "<group>";
		};
		ED5F72FF1FCD46C3004E945D /* platforms */ = {
			isa = PBXGroup;
			children = (
				ED81D19E20D368D50096FB53 /* pthread */,
				ED642F151FCE506C0067CEA4 /* platform_apple.hpp */,
				ED5F73031FCD46C3004E945D /* platform_apple.cpp */,
				ED5F73061FCD46C3004E945D /* platform_base.hpp */,
				ED5F73051FCD46C3004E945D /* platform_base.cpp */,
				ED5F73001FCD46C3004E945D /* platform.hpp */,
			);
			path = platforms;
			sourceTree = "<group>";
		};
		ED642F171FCE8E3D0067CEA4 /* helper */ = {
			isa = PBXGroup;
			children = (
				ED642F181FCE8E3D0067CEA4 /* CommonMacros.h */,
				ED642F191FCE8E3D0067CEA4 /* SimpleArray.h */,
				ED642F1A1FCE8E3D0067CEA4 /* SimpleConfig.h */,
			);
			path = helper;
			sourceTree = "<group>";
		};
		ED81D19E20D368D50096FB53 /* pthread */ = {
			isa = PBXGroup;
			children = (
				ED642F1C1FCE948E0067CEA4 /* SystemLock_pthread.h */,
				ED81D1B020D3AC6C0096FB53 /* tls_pthread.h */,
			);
			path = pthread;
			sourceTree = "<group>";
		};
		ED81D1A820D37C2C0096FB53 /* test */ = {
			isa = PBXGroup;
			children = (
				ED81D1A920D37C2C0096FB53 /* main.cpp */,
			);
			name = test;
			path = ../test;
			sourceTree = "<group>";
		};
		ED84F6AF1FB1CF9B00C7B425 = {
			isa = PBXGroup;
			children = (
				ED5F72FE1FCD46C3004E945D /* src */,
				ED81D1A820D37C2C0096FB53 /* test */,
				ED84F6B91FB1CF9B00C7B425 /* Products */,
			);
			sourceTree = "<group>";
		};
		ED84F6B91FB1CF9B00C7B425 /* Products */ = {
			isa = PBXGroup;
			children = (
				ED84F6B81FB1CF9B00C7B425 /* libxxprofile_mac.a */,
				ED84F6C31FB1CFC900C7B425 /* libxxprofile_ios.a */,
				ED81D1A720D37C2C0096FB53 /* test */,
			);
			name = Products;
			sourceTree = "<group>";
		};
/* End PBXGroup section */

/* Begin PBXHeadersBuildPhase section */
		ED84F6B61FB1CF9B00C7B425 /* Headers */ = {
			isa = PBXHeadersBuildPhase;
			buildActionMask = 2147483647;
			files = (
				ED642F161FCE506C0067CEA4 /* platform_apple.hpp in Headers */,
				ED81D19D20D3584B0096FB53 /* xxprofile_macros.hpp in Headers */,
				ED5F73111FCD49F1004E945D /* xxprofile_name.hpp in Headers */,
				ED5F730D1FCD46C3004E945D /* platform_base.hpp in Headers */,
				ED5F73091FCD46C3004E945D /* xxprofile.hpp in Headers */,
				ED81D1B120D3AC6C0096FB53 /* tls_pthread.h in Headers */,
				ED5F73071FCD46C3004E945D /* platform.hpp in Headers */,
				ED81D1A220D374B40096FB53 /* xxprofile_archive.hpp in Headers */,
			);
			runOnlyForDeploymentPostprocessing = 0;
		};
/* End PBXHeadersBuildPhase section */

/* Begin PBXNativeTarget section */
		ED81D1A620D37C2C0096FB53 /* test */ = {
			isa = PBXNativeTarget;
			buildConfigurationList = ED81D1AB20D37C2C0096FB53 /* Build configuration list for PBXNativeTarget "test" */;
			buildPhases = (
				ED81D1A320D37C2C0096FB53 /* Sources */,
				ED81D1A420D37C2C0096FB53 /* Frameworks */,
				ED81D1A520D37C2C0096FB53 /* CopyFiles */,
			);
			buildRules = (
			);
			dependencies = (
				ED81D1AF20D392100096FB53 /* PBXTargetDependency */,
			);
			name = test;
			productName = test;
			productReference = ED81D1A720D37C2C0096FB53 /* test */;
			productType = "com.apple.product-type.tool";
		};
		ED84F6B71FB1CF9B00C7B425 /* xxprofile_mac */ = {
			isa = PBXNativeTarget;
			buildConfigurationList = ED84F6BC1FB1CF9B00C7B425 /* Build configuration list for PBXNativeTarget "xxprofile_mac" */;
			buildPhases = (
				ED84F6B41FB1CF9B00C7B425 /* Sources */,
				ED84F6B51FB1CF9B00C7B425 /* Frameworks */,
				ED84F6B61FB1CF9B00C7B425 /* Headers */,
			);
			buildRules = (
			);
			dependencies = (
			);
			name = xxprofile_mac;
			productName = xxprofile;
			productReference = ED84F6B81FB1CF9B00C7B425 /* libxxprofile_mac.a */;
			productType = "com.apple.product-type.library.static";
		};
		ED84F6C21FB1CFC900C7B425 /* xxprofile_ios */ = {
			isa = PBXNativeTarget;
			buildConfigurationList = ED84F6C91FB1CFC900C7B425 /* Build configuration list for PBXNativeTarget "xxprofile_ios" */;
			buildPhases = (
				ED84F6BF1FB1CFC900C7B425 /* Sources */,
				ED84F6C01FB1CFC900C7B425 /* Frameworks */,
				ED84F6C11FB1CFC900C7B425 /* CopyFiles */,
			);
			buildRules = (
			);
			dependencies = (
			);
			name = xxprofile_ios;
			productName = xxprofile_ios;
			productReference = ED84F6C31FB1CFC900C7B425 /* libxxprofile_ios.a */;
			productType = "com.apple.product-type.library.static";
		};
/* End PBXNativeTarget section */

/* Begin PBXProject section */
		ED84F6B01FB1CF9B00C7B425 /* Project object */ = {
			isa = PBXProject;
			attributes = {
				LastUpgradeCheck = 0830;
				ORGANIZATIONNAME = bianchui;
				TargetAttributes = {
					ED81D1A620D37C2C0096FB53 = {
						CreatedOnToolsVersion = 8.3.3;
						DevelopmentTeam = PEZE6XWYTJ;
						ProvisioningStyle = Automatic;
					};
					ED84F6B71FB1CF9B00C7B425 = {
						CreatedOnToolsVersion = 8.3.3;
						DevelopmentTeam = PEZE6XWYTJ;
						ProvisioningStyle = Automatic;
					};
					ED84F6C21FB1CFC900C7B425 = {
						CreatedOnToolsVersion = 8.3.3;
						DevelopmentTeam = PEZE6XWYTJ;
						ProvisioningStyle = Automatic;
					};
				};
			};
			buildConfigurationList = ED84F6B31FB1CF9B00C7B425 /* Build configuration list for PBXProject "xxprofile" */;
			compatibilityVersion = "Xcode 3.2";
			developmentRegion = English;
			hasScannedForEncodings = 0;
			knownRegions = (
				en,
			);
			mainGroup = ED84F6AF1FB1CF9B00C7B425;
			productRefGroup = ED84F6B91FB1CF9B00C7B425 /* Products */;
			projectDirPath = "";
			projectRoot = "";
			targets = (
				ED84F6B71FB1CF9B00C7B425 /* xxprofile_mac */,
				ED84F6C21FB1CFC900C7B425 /* xxprofile_ios */,
				ED81D1A620D37C2C0096FB53 /* test */,
			);
		};
/* End PBXProject section */

/* Begin PBXSourcesBuildPhase section */
		ED81D1A320D37C2C0096FB53 /* Sources */ = {
			isa = PBXSourcesBuildPhase;
			buildActionMask = 2147483647;
			files = (
				ED81D1AA20D37C2C0096FB53 /* main.cpp in Sources */,
			);
			runOnlyForDeploymentPostprocessing = 0;
		};
		ED84F6B41FB1CF9B00C7B425 /* Sources */ = {
			isa = PBXSourcesBuildPhase;
			buildActionMask = 2147483647;
			files = (
				ED5F73101FCD49F1004E945D /* xxprofile_name.cpp in Sources */,
				ED5F73081FCD46C3004E945D /* xxprofile.cpp in Sources */,
				ED81D1A120D374B40096FB53 /* xxprofile_archive.cpp in Sources */,
				ED5F730C1FCD46C3004E945D /* platform_base.cpp in Sources */,
				ED5F730A1FCD46C3004E945D /* platform_apple.cpp in Sources */,
			);
			runOnlyForDeploymentPostprocessing = 0;
		};
		ED84F6BF1FB1CFC900C7B425 /* Sources */ = {
			isa = PBXSourcesBuildPhase;
			buildActionMask = 2147483647;
			files = (
				ED97396220D8F5B10067B5D9 /* platform_apple.cpp in Sources */,
				ED97396320D8F5B10067B5D9 /* platform_base.cpp in Sources */,
				ED97396420D8F5B10067B5D9 /* xxprofile_archive.cpp in Sources */,
				ED97396520D8F5B10067B5D9 /* xxprofile_name.cpp in Sources */,
				ED97396620D8F5B10067B5D9 /* xxprofile.cpp in Sources */,
			);
			runOnlyForDeploymentPostprocessing = 0;
		};
/* End PBXSourcesBuildPhase section */

/* Begin PBXTargetDependency section */
		ED81D1AF20D392100096FB53 /* PBXTargetDependency */ = {
			isa = PBXTargetDependency;
			target = ED84F6B71FB1CF9B00C7B425 /* xxprofile_mac */;
			targetProxy = ED81D1AE20D392100096FB53 /* PBXContainerItemProxy */;
		};
/* End PBXTargetDependency section */

/* Begin XCBuildConfiguration section */
		ED81D1AC20D37C2C0096FB53 /* Debug */ = {
			isa = XCBuildConfiguration;
			buildSettings = {
				DEVELOPMENT_TEAM = PEZE6XWYTJ;
				GCC_PREPROCESSOR_DEFINITIONS = (
					"DEBUG=1",
					"$(inherited)",
				);
				PRODUCT_NAME = "$(TARGET_NAME)";
			};
			name = Debug;
		};
		ED81D1AD20D37C2C0096FB53 /* Release */ = {
			isa = XCBuildConfiguration;
			buildSettings = {
				DEVELOPMENT_TEAM = PEZE6XWYTJ;
				PRODUCT_NAME = "$(TARGET_NAME)";
			};
			name = Release;
		};
		ED84F6BA1FB1CF9B00C7B425 /* Debug */ = {
			isa = XCBuildConfiguration;
			buildSettings = {
				ALWAYS_SEARCH_USER_PATHS = NO;
				CLANG_ANALYZER_NONNULL = YES;
				CLANG_ANALYZER_NUMBER_OBJECT_CONVERSION = YES_AGGRESSIVE;
				CLANG_CXX_LANGUAGE_STANDARD = "gnu++0x";
				CLANG_CXX_LIBRARY = "libc++";
				CLANG_ENABLE_MODULES = YES;
				CLANG_ENABLE_OBJC_ARC = YES;
				CLANG_WARN_BOOL_CONVERSION = YES;
				CLANG_WARN_CONSTANT_CONVERSION = YES;
				CLANG_WARN_DIRECT_OBJC_ISA_USAGE = YES_ERROR;
				CLANG_WARN_DOCUMENTATION_COMMENTS = YES;
				CLANG_WARN_EMPTY_BODY = YES;
				CLANG_WARN_ENUM_CONVERSION = YES;
				CLANG_WARN_INFINITE_RECURSION = YES;
				CLANG_WARN_INT_CONVERSION = YES;
				CLANG_WARN_OBJC_ROOT_CLASS = YES_ERROR;
				CLANG_WARN_SUSPICIOUS_MOVE = YES;
				CLANG_WARN_UNREACHABLE_CODE = YES;
				CLANG_WARN__DUPLICATE_METHOD_MATCH = YES;
				CODE_SIGN_IDENTITY = "-";
				COPY_PHASE_STRIP = NO;
				DEBUG_INFORMATION_FORMAT = dwarf;
				ENABLE_STRICT_OBJC_MSGSEND = YES;
				ENABLE_TESTABILITY = YES;
				GCC_C_LANGUAGE_STANDARD = gnu99;
				GCC_DYNAMIC_NO_PIC = NO;
				GCC_NO_COMMON_BLOCKS = YES;
				GCC_OPTIMIZATION_LEVEL = 0;
				GCC_PREPROCESSOR_DEFINITIONS = (
					"_DEBUG=1",
					"DEBUG=1",
				);
				GCC_WARN_64_TO_32_BIT_CONVERSION = YES;
				GCC_WARN_ABOUT_RETURN_TYPE = YES_ERROR;
				GCC_WARN_UNDECLARED_SELECTOR = YES;
				GCC_WARN_UNINITIALIZED_AUTOS = YES_AGGRESSIVE;
				GCC_WARN_UNUSED_FUNCTION = YES;
				GCC_WARN_UNUSED_VARIABLE = YES;
				HEADER_SEARCH_PATHS = "$(SRCROOT)/Source/Runtime/Core/Public";
				MACOSX_DEPLOYMENT_TARGET = 10.12;
				MTL_ENABLE_DEBUG_INFO = YES;
				ONLY_ACTIVE_ARCH = YES;
				SDKROOT = macosx;
			};
			name = Debug;
		};
		ED84F6BB1FB1CF9B00C7B425 /* Release */ = {
			isa = XCBuildConfiguration;
			buildSettings = {
				ALWAYS_SEARCH_USER_PATHS = NO;
				CLANG_ANALYZER_NONNULL = YES;
				CLANG_ANALYZER_NUMBER_OBJECT_CONVERSION = YES_AGGRESSIVE;
				CLANG_CXX_LANGUAGE_STANDARD = "gnu++0x";
				CLANG_CXX_LIBRARY = "libc++";
				CLANG_ENABLE_MODULES = YES;
				CLANG_ENABLE_OBJC_ARC = YES;
				CLANG_WARN_BOOL_CONVERSION = YES;
				CLANG_WARN_CONSTANT_CONVERSION = YES;
				CLANG_WARN_DIRECT_OBJC_ISA_USAGE = YES_ERROR;
				CLANG_WARN_DOCUMENTATION_COMMENTS = YES;
				CLANG_WARN_EMPTY_BODY = YES;
				CLANG_WARN_ENUM_CONVERSION = YES;
				CLANG_WARN_INFINITE_RECURSION = YES;
				CLANG_WARN_INT_CONVERSION = YES;
				CLANG_WARN_OBJC_ROOT_CLASS = YES_ERROR;
				CLANG_WARN_SUSPICIOUS_MOVE = YES;
				CLANG_WARN_UNREACHABLE_CODE = YES;
				CLANG_WARN__DUPLICATE_METHOD_MATCH = YES;
				CODE_SIGN_IDENTITY = "-";
				COPY_PHASE_STRIP = NO;
				DEBUG_INFORMATION_FORMAT = "dwarf-with-dsym";
				ENABLE_NS_ASSERTIONS = NO;
				ENABLE_STRICT_OBJC_MSGSEND = YES;
				GCC_C_LANGUAGE_STANDARD = gnu99;
				GCC_NO_COMMON_BLOCKS = YES;
				GCC_PREPROCESSOR_DEFINITIONS = "NDEBUG=1";
				GCC_WARN_64_TO_32_BIT_CONVERSION = YES;
				GCC_WARN_ABOUT_RETURN_TYPE = YES_ERROR;
				GCC_WARN_UNDECLARED_SELECTOR = YES;
				GCC_WARN_UNINITIALIZED_AUTOS = YES_AGGRESSIVE;
				GCC_WARN_UNUSED_FUNCTION = YES;
				GCC_WARN_UNUSED_VARIABLE = YES;
				HEADER_SEARCH_PATHS = "$(SRCROOT)/Source/Runtime/Core/Public";
				MACOSX_DEPLOYMENT_TARGET = 10.12;
				MTL_ENABLE_DEBUG_INFO = NO;
				SDKROOT = macosx;
			};
			name = Release;
		};
		ED84F6BD1FB1CF9B00C7B425 /* Debug */ = {
			isa = XCBuildConfiguration;
			buildSettings = {
				CLANG_CXX_LANGUAGE_STANDARD = "c++14";
				CLANG_ENABLE_OBJC_ARC = YES;
				DEVELOPMENT_TEAM = PEZE6XWYTJ;
				EXECUTABLE_PREFIX = lib;
				GCC_PREPROCESSOR_DEFINITIONS = (
					"PLATFORM_MAC=1",
					"$(inherited)",
				);
				PRODUCT_NAME = "$(TARGET_NAME)";
			};
			name = Debug;
		};
		ED84F6BE1FB1CF9B00C7B425 /* Release */ = {
			isa = XCBuildConfiguration;
			buildSettings = {
				CLANG_CXX_LANGUAGE_STANDARD = "c++14";
				CLANG_ENABLE_OBJC_ARC = YES;
				DEVELOPMENT_TEAM = PEZE6XWYTJ;
				EXECUTABLE_PREFIX = lib;
				GCC_PREPROCESSOR_DEFINITIONS = (
					"PLATFORM_MAC=1",
					"$(inherited)",
				);
				PRODUCT_NAME = "$(TARGET_NAME)";
			};
			name = Release;
		};
		ED84F6CA1FB1CFC900C7B425 /* Debug */ = {
			isa = XCBuildConfiguration;
			buildSettings = {
				"CODE_SIGN_IDENTITY[sdk=iphoneos*]" = "iPhone Developer";
				DEVELOPMENT_TEAM = PEZE6XWYTJ;
				GCC_PREPROCESSOR_DEFINITIONS = (
					"PLATFORM_IOS=1",
					"PLATFORM_APPLE=1",
					"$(inherited)",
				);
				IPHONEOS_DEPLOYMENT_TARGET = 10.3;
				OTHER_LDFLAGS = "-ObjC";
				PRODUCT_NAME = "$(TARGET_NAME)";
				SDKROOT = iphoneos;
				SKIP_INSTALL = YES;
			};
			name = Debug;
		};
		ED84F6CB1FB1CFC900C7B425 /* Release */ = {
			isa = XCBuildConfiguration;
			buildSettings = {
				"CODE_SIGN_IDENTITY[sdk=iphoneos*]" = "iPhone Developer";
				DEVELOPMENT_TEAM = PEZE6XWYTJ;
				GCC_PREPROCESSOR_DEFINITIONS = (
					"PLATFORM_IOS=1",
					"PLATFORM_APPLE=1",
					"$(inherited)",
				);
				IPHONEOS_DEPLOYMENT_TARGET = 10.3;
				OTHER_LDFLAGS = "-ObjC";
				PRODUCT_NAME = "$(TARGET_NAME)";
				SDKROOT = iphoneos;
				SKIP_INSTALL = YES;
				VALIDATE_PRODUCT = YES;
			};
			name = Release;
		};
/* End XCBuildConfiguration section */

/* Begin XCConfigurationList section */
		ED81D1AB20D37C2C0096FB53 /* Build configuration list for PBXNativeTarget "test" */ = {
			isa = XCConfigurationList;
			buildConfigurations = (
				ED81D1AC20D37C2C0096FB53 /* Debug */,
				ED81D1AD20D37C2C0096FB53 /* Release */,
			);
			defaultConfigurationIsVisible = 0;
			defaultConfigurationName = Release;
		};
		ED84F6B31FB1CF9B00C7B425 /* Build configuration list for PBXProject "xxprofile" */ = {
			isa = XCConfigurationList;
			buildConfigurations = (
				ED84F6BA1FB1CF9B00C7B425 /* Debug */,
				ED84F6BB1FB1CF9B00C7B425 /* Release */,
			);
			defaultConfigurationIsVisible = 0;
			defaultConfigurationName = Release;
		};
		ED84F6BC1FB1CF9B00C7B425 /* Build configuration list for PBXNativeTarget "xxprofile_mac" */ = {
			isa = XCConfigurationList;
			buildConfigurations = (
				ED84F6BD1FB1CF9B00C7B425 /* Debug */,
				ED84F6BE1FB1CF9B00C7B425 /* Release */,
			);
			defaultConfigurationIsVisible = 0;
			defaultConfigurationName = Release;
		};
		ED84F6C91FB1CFC900C7B425 /* Build configuration list for PBXNativeTarget "xxprofile_ios" */ = {
			isa = XCConfigurationList;
			buildConfigurations = (
				ED84F6CA1FB1CFC900C7B425 /* Debug */,
				ED84F6CB1FB1CFC900C7B425 /* Release */,
			);
			defaultConfigurationIsVisible = 0;
			defaultConfigurationName = Release;
		};
/* End XCConfigurationList section */
	};
	rootObject = ED84F6B01FB1CF9B00C7B425 /* Project object */;
}
